// !$*UTF8*$!
{
	archiveVersion = 1;
	classes = {
	};
	objectVersion = 46;
	objects = {

/* Begin PBXBuildFile section */
		FF1757FB1EF05CE20048B88C /* main.m in Sources */ = {isa = PBXBuildFile; fileRef = FF1757FA1EF05CE20048B88C /* main.m */; };
		FF1757FE1EF05CE20048B88C /* AppDelegate.m in Sources */ = {isa = PBXBuildFile; fileRef = FF1757FD1EF05CE20048B88C /* AppDelegate.m */; };
		FF1758011EF05CE20048B88C /* MasterViewController.m in Sources */ = {isa = PBXBuildFile; fileRef = FF1758001EF05CE20048B88C /* MasterViewController.m */; };
		FF1758041EF05CE20048B88C /* DetailViewController.m in Sources */ = {isa = PBXBuildFile; fileRef = FF1758031EF05CE20048B88C /* DetailViewController.m */; };
		FF1758071EF05CE20048B88C /* Main.storyboard in Resources */ = {isa = PBXBuildFile; fileRef = FF1758051EF05CE20048B88C /* Main.storyboard */; };
		FF1758091EF05CE20048B88C /* Assets.xcassets in Resources */ = {isa = PBXBuildFile; fileRef = FF1758081EF05CE20048B88C /* Assets.xcassets */; };
		FF17580C1EF05CE20048B88C /* LaunchScreen.storyboard in Resources */ = {isa = PBXBuildFile; fileRef = FF17580A1EF05CE20048B88C /* LaunchScreen.storyboard */; };
		FF1758171EF05CE20048B88C /* EveryDoTests.m in Sources */ = {isa = PBXBuildFile; fileRef = FF1758161EF05CE20048B88C /* EveryDoTests.m */; };
/* End PBXBuildFile section */

/* Begin PBXContainerItemProxy section */
		FF1758131EF05CE20048B88C /* PBXContainerItemProxy */ = {
			isa = PBXContainerItemProxy;
			containerPortal = FF1757EE1EF05CE20048B88C /* Project object */;
			proxyType = 1;
			remoteGlobalIDString = FF1757F51EF05CE20048B88C;
			remoteInfo = EveryDo;
		};
/* End PBXContainerItemProxy section */

/* Begin PBXFileReference section */
		FF1757F61EF05CE20048B88C /* EveryDo.app */ = {isa = PBXFileReference; explicitFileType = wrapper.application; includeInIndex = 0; path = EveryDo.app; sourceTree = BUILT_PRODUCTS_DIR; };
		FF1757FA1EF05CE20048B88C /* main.m */ = {isa = PBXFileReference; lastKnownFileType = sourcecode.c.objc; path = main.m; sourceTree = "<group>"; };
		FF1757FC1EF05CE20048B88C /* AppDelegate.h */ = {isa = PBXFileReference; lastKnownFileType = sourcecode.c.h; path = AppDelegate.h; sourceTree = "<group>"; };
		FF1757FD1EF05CE20048B88C /* AppDelegate.m */ = {isa = PBXFileReference; lastKnownFileType = sourcecode.c.objc; path = AppDelegate.m; sourceTree = "<group>"; };
		FF1757FF1EF05CE20048B88C /* MasterViewController.h */ = {isa = PBXFileReference; lastKnownFileType = sourcecode.c.h; path = MasterViewController.h; sourceTree = "<group>"; };
		FF1758001EF05CE20048B88C /* MasterViewController.m */ = {isa = PBXFileReference; lastKnownFileType = sourcecode.c.objc; path = MasterViewController.m; sourceTree = "<group>"; };
		FF1758021EF05CE20048B88C /* DetailViewController.h */ = {isa = PBXFileReference; lastKnownFileType = sourcecode.c.h; path = DetailViewController.h; sourceTree = "<group>"; };
		FF1758031EF05CE20048B88C /* DetailViewController.m */ = {isa = PBXFileReference; lastKnownFileType = sourcecode.c.objc; path = DetailViewController.m; sourceTree = "<group>"; };
		FF1758061EF05CE20048B88C /* Base */ = {isa = PBXFileReference; lastKnownFileType = file.storyboard; name = Base; path = Base.lproj/Main.storyboard; sourceTree = "<group>"; };
		FF1758081EF05CE20048B88C /* Assets.xcassets */ = {isa = PBXFileReference; lastKnownFileType = folder.assetcatalog; path = Assets.xcassets; sourceTree = "<group>"; };
		FF17580B1EF05CE20048B88C /* Base */ = {isa = PBXFileReference; lastKnownFileType = file.storyboard; name = Base; path = Base.lproj/LaunchScreen.storyboard; sourceTree = "<group>"; };
		FF17580D1EF05CE20048B88C /* Info.plist */ = {isa = PBXFileReference; lastKnownFileType = text.plist.xml; path = Info.plist; sourceTree = "<group>"; };
		FF1758121EF05CE20048B88C /* EveryDoTests.xctest */ = {isa = PBXFileReference; explicitFileType = wrapper.cfbundle; includeInIndex = 0; path = EveryDoTests.xctest; sourceTree = BUILT_PRODUCTS_DIR; };
		FF1758161EF05CE20048B88C /* EveryDoTests.m */ = {isa = PBXFileReference; lastKnownFileType = sourcecode.c.objc; path = EveryDoTests.m; sourceTree = "<group>"; };
		FF1758181EF05CE20048B88C /* Info.plist */ = {isa = PBXFileReference; lastKnownFileType = text.plist.xml; path = Info.plist; sourceTree = "<group>"; };
/* End PBXFileReference section */

/* Begin PBXFrameworksBuildPhase section */
		FF1757F31EF05CE20048B88C /* Frameworks */ = {
			isa = PBXFrameworksBuildPhase;
			buildActionMask = 2147483647;
			files = (
			);
			runOnlyForDeploymentPostprocessing = 0;
		};
		FF17580F1EF05CE20048B88C /* Frameworks */ = {
			isa = PBXFrameworksBuildPhase;
			buildActionMask = 2147483647;
			files = (
			);
			runOnlyForDeploymentPostprocessing = 0;
		};
/* End PBXFrameworksBuildPhase section */

/* Begin PBXGroup section */
		FF1757ED1EF05CE20048B88C = {
			isa = PBXGroup;
			children = (
				FF1757F81EF05CE20048B88C /* EveryDo */,
				FF1758151EF05CE20048B88C /* EveryDoTests */,
				FF1757F71EF05CE20048B88C /* Products */,
			);
			sourceTree = "<group>";
		};
		FF1757F71EF05CE20048B88C /* Products */ = {
			isa = PBXGroup;
			children = (
				FF1757F61EF05CE20048B88C /* EveryDo.app */,
				FF1758121EF05CE20048B88C /* EveryDoTests.xctest */,
			);
			name = Products;
			sourceTree = "<group>";
		};
		FF1757F81EF05CE20048B88C /* EveryDo */ = {
			isa = PBXGroup;
			children = (
				FF1757FC1EF05CE20048B88C /* AppDelegate.h */,
				FF1757FD1EF05CE20048B88C /* AppDelegate.m */,
				FF1757FF1EF05CE20048B88C /* MasterViewController.h */,
				FF1758001EF05CE20048B88C /* MasterViewController.m */,
				FF1758021EF05CE20048B88C /* DetailViewController.h */,
				FF1758031EF05CE20048B88C /* DetailViewController.m */,
				FF1758051EF05CE20048B88C /* Main.storyboard */,
				FF1757F91EF05CE20048B88C /* Supporting Files */,
			);
			path = EveryDo;
			sourceTree = "<group>";
		};
		FF1757F91EF05CE20048B88C /* Supporting Files */ = {
			isa = PBXGroup;
			children = (
				FF1758081EF05CE20048B88C /* Assets.xcassets */,
				FF17580A1EF05CE20048B88C /* LaunchScreen.storyboard */,
				FF17580D1EF05CE20048B88C /* Info.plist */,
				FF1757FA1EF05CE20048B88C /* main.m */,
			);
			name = "Supporting Files";
			sourceTree = "<group>";
		};
		FF1758151EF05CE20048B88C /* EveryDoTests */ = {
			isa = PBXGroup;
			children = (
				FF1758161EF05CE20048B88C /* EveryDoTests.m */,
				FF1758181EF05CE20048B88C /* Info.plist */,
			);
			path = EveryDoTests;
			sourceTree = "<group>";
		};
/* End PBXGroup section */

/* Begin PBXNativeTarget section */
		FF1757F51EF05CE20048B88C /* EveryDo */ = {
			isa = PBXNativeTarget;
			buildConfigurationList = FF17581B1EF05CE20048B88C /* Build configuration list for PBXNativeTarget "EveryDo" */;
			buildPhases = (
				FF1757F21EF05CE20048B88C /* Sources */,
				FF1757F31EF05CE20048B88C /* Frameworks */,
				FF1757F41EF05CE20048B88C /* Resources */,
			);
			buildRules = (
			);
			dependencies = (
			);
			name = EveryDo;
			productName = EveryDo;
			productReference = FF1757F61EF05CE20048B88C /* EveryDo.app */;
			productType = "com.apple.product-type.application";
		};
		FF1758111EF05CE20048B88C /* EveryDoTests */ = {
			isa = PBXNativeTarget;
			buildConfigurationList = FF17581E1EF05CE20048B88C /* Build configuration list for PBXNativeTarget "EveryDoTests" */;
			buildPhases = (
				FF17580E1EF05CE20048B88C /* Sources */,
				FF17580F1EF05CE20048B88C /* Frameworks */,
				FF1758101EF05CE20048B88C /* Resources */,
			);
			buildRules = (
			);
			dependencies = (
				FF1758141EF05CE20048B88C /* PBXTargetDependency */,
			);
			name = EveryDoTests;
			productName = EveryDoTests;
			productReference = FF1758121EF05CE20048B88C /* EveryDoTests.xctest */;
			productType = "com.apple.product-type.bundle.unit-test";
		};
/* End PBXNativeTarget section */

/* Begin PBXProject section */
		FF1757EE1EF05CE20048B88C /* Project object */ = {
			isa = PBXProject;
			attributes = {
				LastUpgradeCheck = 0830;
				ORGANIZATIONNAME = "Jimmy Hoang";
				TargetAttributes = {
					FF1757F51EF05CE20048B88C = {
						CreatedOnToolsVersion = 8.3.3;
						DevelopmentTeam = 5GMBY6V284;
						ProvisioningStyle = Automatic;
					};
					FF1758111EF05CE20048B88C = {
						CreatedOnToolsVersion = 8.3.3;
						DevelopmentTeam = 5GMBY6V284;
						ProvisioningStyle = Automatic;
						TestTargetID = FF1757F51EF05CE20048B88C;
					};
				};
			};
			buildConfigurationList = FF1757F11EF05CE20048B88C /* Build configuration list for PBXProject "EveryDo" */;
			compatibilityVersion = "Xcode 3.2";
			developmentRegion = English;
			hasScannedForEncodings = 0;
			knownRegions = (
				en,
				Base,
			);
			mainGroup = FF1757ED1EF05CE20048B88C;
			productRefGroup = FF1757F71EF05CE20048B88C /* Products */;
			projectDirPath = "";
			projectRoot = "";
			targets = (
				FF1757F51EF05CE20048B88C /* EveryDo */,
				FF1758111EF05CE20048B88C /* EveryDoTests */,
			);
		};
/* End PBXProject section */

/* Begin PBXResourcesBuildPhase section */
		FF1757F41EF05CE20048B88C /* Resources */ = {
			isa = PBXResourcesBuildPhase;
			buildActionMask = 2147483647;
			files = (
				FF17580C1EF05CE20048B88C /* LaunchScreen.storyboard in Resources */,
				FF1758091EF05CE20048B88C /* Assets.xcassets in Resources */,
				FF1758071EF05CE20048B88C /* Main.storyboard in Resources */,
			);
			runOnlyForDeploymentPostprocessing = 0;
		};
		FF1758101EF05CE20048B88C /* Resources */ = {
			isa = PBXResourcesBuildPhase;
			buildActionMask = 2147483647;
			files = (
			);
			runOnlyForDeploymentPostprocessing = 0;
		};
/* End PBXResourcesBuildPhase section */

/* Begin PBXSourcesBuildPhase section */
		FF1757F21EF05CE20048B88C /* Sources */ = {
			isa = PBXSourcesBuildPhase;
			buildActionMask = 2147483647;
			files = (
				FF1757FE1EF05CE20048B88C /* AppDelegate.m in Sources */,
				FF1758011EF05CE20048B88C /* MasterViewController.m in Sources */,
				FF1757FB1EF05CE20048B88C /* main.m in Sources */,
				FF1758041EF05CE20048B88C /* DetailViewController.m in Sources */,
			);
			runOnlyForDeploymentPostprocessing = 0;
		};
		FF17580E1EF05CE20048B88C /* Sources */ = {
			isa = PBXSourcesBuildPhase;
			buildActionMask = 2147483647;
			files = (
				FF1758171EF05CE20048B88C /* EveryDoTests.m in Sources */,
			);
			runOnlyForDeploymentPostprocessing = 0;
		};
/* End PBXSourcesBuildPhase section */

/* Begin PBXTargetDependency section */
		FF1758141EF05CE20048B88C /* PBXTargetDependency */ = {
			isa = PBXTargetDependency;
			target = FF1757F51EF05CE20048B88C /* EveryDo */;
			targetProxy = FF1758131EF05CE20048B88C /* PBXContainerItemProxy */;
		};
/* End PBXTargetDependency section */

/* Begin PBXVariantGroup section */
		FF1758051EF05CE20048B88C /* Main.storyboard */ = {
			isa = PBXVariantGroup;
			children = (
				FF1758061EF05CE20048B88C /* Base */,
			);
			name = Main.storyboard;
			sourceTree = "<group>";
		};
		FF17580A1EF05CE20048B88C /* LaunchScreen.storyboard */ = {
			isa = PBXVariantGroup;
			children = (
				FF17580B1EF05CE20048B88C /* Base */,
			);
			name = LaunchScreen.storyboard;
			sourceTree = "<group>";
		};
/* End PBXVariantGroup section */

/* Begin XCBuildConfiguration section */
		FF1758191EF05CE20048B88C /* Debug */ = {
			isa = XCBuildConfiguration;
			buildSettings = {
				ALWAYS_SEARCH_USER_PATHS = NO;
				CLANG_ANALYZER_NONNULL = YES;
				CLANG_ANALYZER_NUMBER_OBJECT_CONVERSION = YES_AGGRESSIVE;
				CLANG_CXX_LANGUAGE_STANDARD = "gnu++0x";
				CLANG_CXX_LIBRARY = "libc++";
				CLANG_ENABLE_MODULES = YES;
				CLANG_ENABLE_OBJC_ARC = YES;
				CLANG_WARN_BOOL_CONVERSION = YES;
				CLANG_WARN_CONSTANT_CONVERSION = YES;
				CLANG_WARN_DIRECT_OBJC_ISA_USAGE = YES_ERROR;
				CLANG_WARN_DOCUMENTATION_COMMENTS = YES;
				CLANG_WARN_EMPTY_BODY = YES;
				CLANG_WARN_ENUM_CONVERSION = YES;
				CLANG_WARN_INFINITE_RECURSION = YES;
				CLANG_WARN_INT_CONVERSION = YES;
				CLANG_WARN_OBJC_ROOT_CLASS = YES_ERROR;
				CLANG_WARN_SUSPICIOUS_MOVE = YES;
				CLANG_WARN_UNREACHABLE_CODE = YES;
				CLANG_WARN__DUPLICATE_METHOD_MATCH = YES;
				"CODE_SIGN_IDENTITY[sdk=iphoneos*]" = "iPhone Developer";
				COPY_PHASE_STRIP = NO;
				DEBUG_INFORMATION_FORMAT = dwarf;
				ENABLE_STRICT_OBJC_MSGSEND = YES;
				ENABLE_TESTABILITY = YES;
				GCC_C_LANGUAGE_STANDARD = gnu99;
				GCC_DYNAMIC_NO_PIC = NO;
				GCC_NO_COMMON_BLOCKS = YES;
				GCC_OPTIMIZATION_LEVEL = 0;
				GCC_PREPROCESSOR_DEFINITIONS = (
					"DEBUG=1",
					"$(inherited)",
				);
				GCC_WARN_64_TO_32_BIT_CONVERSION = YES;
				GCC_WARN_ABOUT_RETURN_TYPE = YES_ERROR;
				GCC_WARN_UNDECLARED_SELECTOR = YES;
				GCC_WARN_UNINITIALIZED_AUTOS = YES_AGGRESSIVE;
				GCC_WARN_UNUSED_FUNCTION = YES;
				GCC_WARN_UNUSED_VARIABLE = YES;
				IPHONEOS_DEPLOYMENT_TARGET = 10.3;
				MTL_ENABLE_DEBUG_INFO = YES;
				ONLY_ACTIVE_ARCH = YES;
				SDKROOT = iphoneos;
			};
			name = Debug;
		};
		FF17581A1EF05CE20048B88C /* Release */ = {
			isa = XCBuildConfiguration;
			buildSettings = {
				ALWAYS_SEARCH_USER_PATHS = NO;
				CLANG_ANALYZER_NONNULL = YES;
				CLANG_ANALYZER_NUMBER_OBJECT_CONVERSION = YES_AGGRESSIVE;
				CLANG_CXX_LANGUAGE_STANDARD = "gnu++0x";
				CLANG_CXX_LIBRARY = "libc++";
				CLANG_ENABLE_MODULES = YES;
				CLANG_ENABLE_OBJC_ARC = YES;
				CLANG_WARN_BOOL_CONVERSION = YES;
				CLANG_WARN_CONSTANT_CONVERSION = YES;
				CLANG_WARN_DIRECT_OBJC_ISA_USAGE = YES_ERROR;
				CLANG_WARN_DOCUMENTATION_COMMENTS = YES;
				CLANG_WARN_EMPTY_BODY = YES;
				CLANG_WARN_ENUM_CONVERSION = YES;
				CLANG_WARN_INFINITE_RECURSION = YES;
				CLANG_WARN_INT_CONVERSION = YES;
				CLANG_WARN_OBJC_ROOT_CLASS = YES_ERROR;
				CLANG_WARN_SUSPICIOUS_MOVE = YES;
				CLANG_WARN_UNREACHABLE_CODE = YES;
				CLANG_WARN__DUPLICATE_METHOD_MATCH = YES;
				"CODE_SIGN_IDENTITY[sdk=iphoneos*]" = "iPhone Developer";
				COPY_PHASE_STRIP = NO;
				DEBUG_INFORMATION_FORMAT = "dwarf-with-dsym";
				ENABLE_NS_ASSERTIONS = NO;
				ENABLE_STRICT_OBJC_MSGSEND = YES;
				GCC_C_LANGUAGE_STANDARD = gnu99;
				GCC_NO_COMMON_BLOCKS = YES;
				GCC_WARN_64_TO_32_BIT_CONVERSION = YES;
				GCC_WARN_ABOUT_RETURN_TYPE = YES_ERROR;
				GCC_WARN_UNDECLARED_SELECTOR = YES;
				GCC_WARN_UNINITIALIZED_AUTOS = YES_AGGRESSIVE;
				GCC_WARN_UNUSED_FUNCTION = YES;
				GCC_WARN_UNUSED_VARIABLE = YES;
				IPHONEOS_DEPLOYMENT_TARGET = 10.3;
				MTL_ENABLE_DEBUG_INFO = NO;
				SDKROOT = iphoneos;
				VALIDATE_PRODUCT = YES;
			};
			name = Release;
		};
		FF17581C1EF05CE20048B88C /* Debug */ = {
			isa = XCBuildConfiguration;
			buildSettings = {
				ASSETCATALOG_COMPILER_APPICON_NAME = AppIcon;
				DEVELOPMENT_TEAM = 5GMBY6V284;
				INFOPLIST_FILE = EveryDo/Info.plist;
				LD_RUNPATH_SEARCH_PATHS = "$(inherited) @executable_path/Frameworks";
				PRODUCT_BUNDLE_IDENTIFIER = com.JimmyHoang.EveryDo;
				PRODUCT_NAME = "$(TARGET_NAME)";
			};
			name = Debug;
		};
		FF17581D1EF05CE20048B88C /* Release */ = {
			isa = XCBuildConfiguration;
			buildSettings = {
				ASSETCATALOG_COMPILER_APPICON_NAME = AppIcon;
				DEVELOPMENT_TEAM = 5GMBY6V284;
				INFOPLIST_FILE = EveryDo/Info.plist;
				LD_RUNPATH_SEARCH_PATHS = "$(inherited) @executable_path/Frameworks";
				PRODUCT_BUNDLE_IDENTIFIER = com.JimmyHoang.EveryDo;
				PRODUCT_NAME = "$(TARGET_NAME)";
			};
			name = Release;
		};
		FF17581F1EF05CE20048B88C /* Debug */ = {
			isa = XCBuildConfiguration;
			buildSettings = {
				BUNDLE_LOADER = "$(TEST_HOST)";
				DEVELOPMENT_TEAM = 5GMBY6V284;
				INFOPLIST_FILE = EveryDoTests/Info.plist;
				LD_RUNPATH_SEARCH_PATHS = "$(inherited) @executable_path/Frameworks @loader_path/Frameworks";
				PRODUCT_BUNDLE_IDENTIFIER = com.JimmyHoang.EveryDoTests;
				PRODUCT_NAME = "$(TARGET_NAME)";
				TEST_HOST = "$(BUILT_PRODUCTS_DIR)/EveryDo.app/EveryDo";
			};
			name = Debug;
		};
		FF1758201EF05CE20048B88C /* Release */ = {
			isa = XCBuildConfiguration;
			buildSettings = {
				BUNDLE_LOADER = "$(TEST_HOST)";
				DEVELOPMENT_TEAM = 5GMBY6V284;
				INFOPLIST_FILE = EveryDoTests/Info.plist;
				LD_RUNPATH_SEARCH_PATHS = "$(inherited) @executable_path/Frameworks @loader_path/Frameworks";
				PRODUCT_BUNDLE_IDENTIFIER = com.JimmyHoang.EveryDoTests;
				PRODUCT_NAME = "$(TARGET_NAME)";
				TEST_HOST = "$(BUILT_PRODUCTS_DIR)/EveryDo.app/EveryDo";
			};
			name = Release;
		};
/* End XCBuildConfiguration section */

/* Begin XCConfigurationList section */
		FF1757F11EF05CE20048B88C /* Build configuration list for PBXProject "EveryDo" */ = {
			isa = XCConfigurationList;
			buildConfigurations = (
				FF1758191EF05CE20048B88C /* Debug */,
				FF17581A1EF05CE20048B88C /* Release */,
			);
			defaultConfigurationIsVisible = 0;
			defaultConfigurationName = Release;
		};
		FF17581B1EF05CE20048B88C /* Build configuration list for PBXNativeTarget "EveryDo" */ = {
			isa = XCConfigurationList;
			buildConfigurations = (
				FF17581C1EF05CE20048B88C /* Debug */,
				FF17581D1EF05CE20048B88C /* Release */,
			);
			defaultConfigurationIsVisible = 0;
		};
		FF17581E1EF05CE20048B88C /* Build configuration list for PBXNativeTarget "EveryDoTests" */ = {
			isa = XCConfigurationList;
			buildConfigurations = (
				FF17581F1EF05CE20048B88C /* Debug */,
				FF1758201EF05CE20048B88C /* Release */,
			);
			defaultConfigurationIsVisible = 0;
		};
/* End XCConfigurationList section */
	};
	rootObject = FF1757EE1EF05CE20048B88C /* Project object */;
}
